// !$*UTF8*$!
{
	archiveVersion = 1;
	classes = {
	};
	objectVersion = 55;
	objects = {

/* Begin PBXBuildFile section */
		8B0912782976A1A90048F9DD /* AppDelegate.swift in Sources */ = {isa = PBXBuildFile; fileRef = 8B0912772976A1A90048F9DD /* AppDelegate.swift */; };
		8B09127A2976A1A90048F9DD /* SceneDelegate.swift in Sources */ = {isa = PBXBuildFile; fileRef = 8B0912792976A1A90048F9DD /* SceneDelegate.swift */; };
		8B09127C2976A1A90048F9DD /* ViewController.swift in Sources */ = {isa = PBXBuildFile; fileRef = 8B09127B2976A1A90048F9DD /* ViewController.swift */; };
		8B09127F2976A1A90048F9DD /* Main.storyboard in Resources */ = {isa = PBXBuildFile; fileRef = 8B09127D2976A1A90048F9DD /* Main.storyboard */; };
		8B0912812976A1AB0048F9DD /* Assets.xcassets in Resources */ = {isa = PBXBuildFile; fileRef = 8B0912802976A1AB0048F9DD /* Assets.xcassets */; };
		8B0912842976A1AB0048F9DD /* LaunchScreen.storyboard in Resources */ = {isa = PBXBuildFile; fileRef = 8B0912822976A1AB0048F9DD /* LaunchScreen.storyboard */; };
		8B7C2266297B4C7000ADF6DF /* start.swift in Sources */ = {isa = PBXBuildFile; fileRef = 8B7C2265297B4C7000ADF6DF /* start.swift */; };
		8B7C2268297C099600ADF6DF /* cp1.swift in Sources */ = {isa = PBXBuildFile; fileRef = 8B7C2267297C099600ADF6DF /* cp1.swift */; };
		8B7C226A297DAD5A00ADF6DF /* cp2.swift in Sources */ = {isa = PBXBuildFile; fileRef = 8B7C2269297DAD5A00ADF6DF /* cp2.swift */; };
		8B7C228E297DF06000ADF6DF /* regist.swift in Sources */ = {isa = PBXBuildFile; fileRef = 8B7C228D297DF06000ADF6DF /* regist.swift */; };
		8B7C2290297DF98700ADF6DF /* input.swift in Sources */ = {isa = PBXBuildFile; fileRef = 8B7C228F297DF98700ADF6DF /* input.swift */; };
		8B7C2292297E1A7700ADF6DF /* outPut.swift in Sources */ = {isa = PBXBuildFile; fileRef = 8B7C2291297E1A7700ADF6DF /* outPut.swift */; };
		8BAB117B297FD2D2006BCFED /* filename.swift in Sources */ = {isa = PBXBuildFile; fileRef = 8BAB117A297FD2D2006BCFED /* filename.swift */; };
		8BBBA13829787A1F0036E262 /* ViewController2.swift in Sources */ = {isa = PBXBuildFile; fileRef = 8BBBA13729787A1F0036E262 /* ViewController2.swift */; };
		8BCA040F2980A38500F85A69 /* Drawview.swift in Sources */ = {isa = PBXBuildFile; fileRef = 8BCA040E2980A38500F85A69 /* Drawview.swift */; };
/* End PBXBuildFile section */

/* Begin PBXFileReference section */
		8B0912742976A1A90048F9DD /* write4.app */ = {isa = PBXFileReference; explicitFileType = wrapper.application; includeInIndex = 0; path = write4.app; sourceTree = BUILT_PRODUCTS_DIR; };
		8B0912772976A1A90048F9DD /* AppDelegate.swift */ = {isa = PBXFileReference; lastKnownFileType = sourcecode.swift; path = AppDelegate.swift; sourceTree = "<group>"; };
		8B0912792976A1A90048F9DD /* SceneDelegate.swift */ = {isa = PBXFileReference; lastKnownFileType = sourcecode.swift; path = SceneDelegate.swift; sourceTree = "<group>"; };
		8B09127B2976A1A90048F9DD /* ViewController.swift */ = {isa = PBXFileReference; lastKnownFileType = sourcecode.swift; path = ViewController.swift; sourceTree = "<group>"; };
		8B09127E2976A1A90048F9DD /* Base */ = {isa = PBXFileReference; lastKnownFileType = file.storyboard; name = Base; path = Base.lproj/Main.storyboard; sourceTree = "<group>"; };
		8B0912802976A1AB0048F9DD /* Assets.xcassets */ = {isa = PBXFileReference; lastKnownFileType = folder.assetcatalog; path = Assets.xcassets; sourceTree = "<group>"; };
		8B0912832976A1AB0048F9DD /* Base */ = {isa = PBXFileReference; lastKnownFileType = file.storyboard; name = Base; path = Base.lproj/LaunchScreen.storyboard; sourceTree = "<group>"; };
		8B0912852976A1AB0048F9DD /* Info.plist */ = {isa = PBXFileReference; lastKnownFileType = text.plist.xml; path = Info.plist; sourceTree = "<group>"; };
		8B09128B2976A1B60048F9DD /* write4.entitlements */ = {isa = PBXFileReference; lastKnownFileType = text.plist.entitlements; path = write4.entitlements; sourceTree = "<group>"; };
		8B7C2265297B4C7000ADF6DF /* start.swift */ = {isa = PBXFileReference; lastKnownFileType = sourcecode.swift; path = start.swift; sourceTree = "<group>"; };
		8B7C2267297C099600ADF6DF /* cp1.swift */ = {isa = PBXFileReference; lastKnownFileType = sourcecode.swift; path = cp1.swift; sourceTree = "<group>"; };
		8B7C2269297DAD5A00ADF6DF /* cp2.swift */ = {isa = PBXFileReference; lastKnownFileType = sourcecode.swift; path = cp2.swift; sourceTree = "<group>"; };
		8B7C228D297DF06000ADF6DF /* regist.swift */ = {isa = PBXFileReference; lastKnownFileType = sourcecode.swift; path = regist.swift; sourceTree = "<group>"; };
		8B7C228F297DF98700ADF6DF /* input.swift */ = {isa = PBXFileReference; lastKnownFileType = sourcecode.swift; path = input.swift; sourceTree = "<group>"; };
		8B7C2291297E1A7700ADF6DF /* outPut.swift */ = {isa = PBXFileReference; lastKnownFileType = sourcecode.swift; path = outPut.swift; sourceTree = "<group>"; };
		8BAB117A297FD2D2006BCFED /* filename.swift */ = {isa = PBXFileReference; lastKnownFileType = sourcecode.swift; path = filename.swift; sourceTree = "<group>"; };
		8BBBA13729787A1F0036E262 /* ViewController2.swift */ = {isa = PBXFileReference; lastKnownFileType = sourcecode.swift; path = ViewController2.swift; sourceTree = "<group>"; };
		8BCA040E2980A38500F85A69 /* Drawview.swift */ = {isa = PBXFileReference; lastKnownFileType = sourcecode.swift; path = Drawview.swift; sourceTree = "<group>"; };
/* End PBXFileReference section */

/* Begin PBXFrameworksBuildPhase section */
		8B0912712976A1A90048F9DD /* Frameworks */ = {
			isa = PBXFrameworksBuildPhase;
			buildActionMask = 2147483647;
			files = (
			);
			runOnlyForDeploymentPostprocessing = 0;
		};
/* End PBXFrameworksBuildPhase section */

/* Begin PBXGroup section */
		8B09126B2976A1A90048F9DD = {
			isa = PBXGroup;
			children = (
				8B0912762976A1A90048F9DD /* write4 */,
				8B0912752976A1A90048F9DD /* Products */,
			);
			sourceTree = "<group>";
		};
		8B0912752976A1A90048F9DD /* Products */ = {
			isa = PBXGroup;
			children = (
				8B0912742976A1A90048F9DD /* write4.app */,
			);
			name = Products;
			sourceTree = "<group>";
		};
		8B0912762976A1A90048F9DD /* write4 */ = {
			isa = PBXGroup;
			children = (
				8B09128B2976A1B60048F9DD /* write4.entitlements */,
				8B0912772976A1A90048F9DD /* AppDelegate.swift */,
				8B0912792976A1A90048F9DD /* SceneDelegate.swift */,
				8B09127B2976A1A90048F9DD /* ViewController.swift */,
				8B7C2265297B4C7000ADF6DF /* start.swift */,
				8BBBA13729787A1F0036E262 /* ViewController2.swift */,
				8B7C2267297C099600ADF6DF /* cp1.swift */,
				8B7C2269297DAD5A00ADF6DF /* cp2.swift */,
				8B7C228D297DF06000ADF6DF /* regist.swift */,
				8BCA040E2980A38500F85A69 /* Drawview.swift */,
				8B7C228F297DF98700ADF6DF /* input.swift */,
				8B7C2291297E1A7700ADF6DF /* outPut.swift */,
				8B09127D2976A1A90048F9DD /* Main.storyboard */,
				8BAB117A297FD2D2006BCFED /* filename.swift */,
				8B0912802976A1AB0048F9DD /* Assets.xcassets */,
				8B0912822976A1AB0048F9DD /* LaunchScreen.storyboard */,
				8B0912852976A1AB0048F9DD /* Info.plist */,
			);
			path = write4;
			sourceTree = "<group>";
		};
/* End PBXGroup section */

/* Begin PBXNativeTarget section */
		8B0912732976A1A90048F9DD /* write4 */ = {
			isa = PBXNativeTarget;
			buildConfigurationList = 8B0912882976A1AB0048F9DD /* Build configuration list for PBXNativeTarget "write4" */;
			buildPhases = (
				8B0912702976A1A90048F9DD /* Sources */,
				8B0912712976A1A90048F9DD /* Frameworks */,
				8B0912722976A1A90048F9DD /* Resources */,
			);
			buildRules = (
			);
			dependencies = (
			);
			name = write4;
			productName = write4;
			productReference = 8B0912742976A1A90048F9DD /* write4.app */;
			productType = "com.apple.product-type.application";
		};
/* End PBXNativeTarget section */

/* Begin PBXProject section */
		8B09126C2976A1A90048F9DD /* Project object */ = {
			isa = PBXProject;
			attributes = {
				BuildIndependentTargetsInParallel = 1;
				LastSwiftUpdateCheck = 1340;
				LastUpgradeCheck = 1340;
				TargetAttributes = {
					8B0912732976A1A90048F9DD = {
						CreatedOnToolsVersion = 13.4.1;
					};
				};
			};
			buildConfigurationList = 8B09126F2976A1A90048F9DD /* Build configuration list for PBXProject "write4" */;
			compatibilityVersion = "Xcode 13.0";
			developmentRegion = en;
			hasScannedForEncodings = 0;
			knownRegions = (
				en,
				Base,
			);
			mainGroup = 8B09126B2976A1A90048F9DD;
			productRefGroup = 8B0912752976A1A90048F9DD /* Products */;
			projectDirPath = "";
			projectRoot = "";
			targets = (
				8B0912732976A1A90048F9DD /* write4 */,
			);
		};
/* End PBXProject section */

/* Begin PBXResourcesBuildPhase section */
		8B0912722976A1A90048F9DD /* Resources */ = {
			isa = PBXResourcesBuildPhase;
			buildActionMask = 2147483647;
			files = (
				8B0912842976A1AB0048F9DD /* LaunchScreen.storyboard in Resources */,
				8B0912812976A1AB0048F9DD /* Assets.xcassets in Resources */,
				8B09127F2976A1A90048F9DD /* Main.storyboard in Resources */,
			);
			runOnlyForDeploymentPostprocessing = 0;
		};
/* End PBXResourcesBuildPhase section */

/* Begin PBXSourcesBuildPhase section */
		8B0912702976A1A90048F9DD /* Sources */ = {
			isa = PBXSourcesBuildPhase;
			buildActionMask = 2147483647;
			files = (
				8B7C2290297DF98700ADF6DF /* input.swift in Sources */,
				8BAB117B297FD2D2006BCFED /* filename.swift in Sources */,
				8B7C2268297C099600ADF6DF /* cp1.swift in Sources */,
				8B7C2292297E1A7700ADF6DF /* outPut.swift in Sources */,
				8B09127C2976A1A90048F9DD /* ViewController.swift in Sources */,
				8BBBA13829787A1F0036E262 /* ViewController2.swift in Sources */,
				8BCA040F2980A38500F85A69 /* Drawview.swift in Sources */,
				8B7C2266297B4C7000ADF6DF /* start.swift in Sources */,
				8B0912782976A1A90048F9DD /* AppDelegate.swift in Sources */,
				8B7C228E297DF06000ADF6DF /* regist.swift in Sources */,
				8B09127A2976A1A90048F9DD /* SceneDelegate.swift in Sources */,
				8B7C226A297DAD5A00ADF6DF /* cp2.swift in Sources */,
			);
			runOnlyForDeploymentPostprocessing = 0;
		};
/* End PBXSourcesBuildPhase section */

/* Begin PBXVariantGroup section */
		8B09127D2976A1A90048F9DD /* Main.storyboard */ = {
			isa = PBXVariantGroup;
			children = (
				8B09127E2976A1A90048F9DD /* Base */,
			);
			name = Main.storyboard;
			sourceTree = "<group>";
		};
		8B0912822976A1AB0048F9DD /* LaunchScreen.storyboard */ = {
			isa = PBXVariantGroup;
			children = (
				8B0912832976A1AB0048F9DD /* Base */,
			);
			name = LaunchScreen.storyboard;
			sourceTree = "<group>";
		};
/* End PBXVariantGroup section */

/* Begin XCBuildConfiguration section */
		8B0912862976A1AB0048F9DD /* Debug */ = {
			isa = XCBuildConfiguration;
			buildSettings = {
				ALWAYS_SEARCH_USER_PATHS = NO;
				CLANG_ANALYZER_NONNULL = YES;
				CLANG_ANALYZER_NUMBER_OBJECT_CONVERSION = YES_AGGRESSIVE;
				CLANG_CXX_LANGUAGE_STANDARD = "gnu++17";
				CLANG_ENABLE_MODULES = YES;
				CLANG_ENABLE_OBJC_ARC = YES;
				CLANG_ENABLE_OBJC_WEAK = YES;
				CLANG_WARN_BLOCK_CAPTURE_AUTORELEASING = YES;
				CLANG_WARN_BOOL_CONVERSION = YES;
				CLANG_WARN_COMMA = YES;
				CLANG_WARN_CONSTANT_CONVERSION = YES;
				CLANG_WARN_DEPRECATED_OBJC_IMPLEMENTATIONS = YES;
				CLANG_WARN_DIRECT_OBJC_ISA_USAGE = YES_ERROR;
				CLANG_WARN_DOCUMENTATION_COMMENTS = YES;
				CLANG_WARN_EMPTY_BODY = YES;
				CLANG_WARN_ENUM_CONVERSION = YES;
				CLANG_WARN_INFINITE_RECURSION = YES;
				CLANG_WARN_INT_CONVERSION = YES;
				CLANG_WARN_NON_LITERAL_NULL_CONVERSION = YES;
				CLANG_WARN_OBJC_IMPLICIT_RETAIN_SELF = YES;
				CLANG_WARN_OBJC_LITERAL_CONVERSION = YES;
				CLANG_WARN_OBJC_ROOT_CLASS = YES_ERROR;
				CLANG_WARN_QUOTED_INCLUDE_IN_FRAMEWORK_HEADER = YES;
				CLANG_WARN_RANGE_LOOP_ANALYSIS = YES;
				CLANG_WARN_STRICT_PROTOTYPES = YES;
				CLANG_WARN_SUSPICIOUS_MOVE = YES;
				CLANG_WARN_UNGUARDED_AVAILABILITY = YES_AGGRESSIVE;
				CLANG_WARN_UNREACHABLE_CODE = YES;
				CLANG_WARN__DUPLICATE_METHOD_MATCH = YES;
				COPY_PHASE_STRIP = NO;
				DEBUG_INFORMATION_FORMAT = dwarf;
				ENABLE_STRICT_OBJC_MSGSEND = YES;
				ENABLE_TESTABILITY = YES;
				GCC_C_LANGUAGE_STANDARD = gnu11;
				GCC_DYNAMIC_NO_PIC = NO;
				GCC_NO_COMMON_BLOCKS = YES;
				GCC_OPTIMIZATION_LEVEL = 0;
				GCC_PREPROCESSOR_DEFINITIONS = (
					"DEBUG=1",
					"$(inherited)",
				);
				GCC_WARN_64_TO_32_BIT_CONVERSION = YES;
				GCC_WARN_ABOUT_RETURN_TYPE = YES_ERROR;
				GCC_WARN_UNDECLARED_SELECTOR = YES;
				GCC_WARN_UNINITIALIZED_AUTOS = YES_AGGRESSIVE;
				GCC_WARN_UNUSED_FUNCTION = YES;
				GCC_WARN_UNUSED_VARIABLE = YES;
				IPHONEOS_DEPLOYMENT_TARGET = 15.5;
				MTL_ENABLE_DEBUG_INFO = INCLUDE_SOURCE;
				MTL_FAST_MATH = YES;
				ONLY_ACTIVE_ARCH = YES;
				SDKROOT = iphoneos;
				SWIFT_ACTIVE_COMPILATION_CONDITIONS = DEBUG;
				SWIFT_OPTIMIZATION_LEVEL = "-Onone";
			};
			name = Debug;
		};
		8B0912872976A1AB0048F9DD /* Release */ = {
			isa = XCBuildConfiguration;
			buildSettings = {
				ALWAYS_SEARCH_USER_PATHS = NO;
				CLANG_ANALYZER_NONNULL = YES;
				CLANG_ANALYZER_NUMBER_OBJECT_CONVERSION = YES_AGGRESSIVE;
				CLANG_CXX_LANGUAGE_STANDARD = "gnu++17";
				CLANG_ENABLE_MODULES = YES;
				CLANG_ENABLE_OBJC_ARC = YES;
				CLANG_ENABLE_OBJC_WEAK = YES;
				CLANG_WARN_BLOCK_CAPTURE_AUTORELEASING = YES;
				CLANG_WARN_BOOL_CONVERSION = YES;
				CLANG_WARN_COMMA = YES;
				CLANG_WARN_CONSTANT_CONVERSION = YES;
				CLANG_WARN_DEPRECATED_OBJC_IMPLEMENTATIONS = YES;
				CLANG_WARN_DIRECT_OBJC_ISA_USAGE = YES_ERROR;
				CLANG_WARN_DOCUMENTATION_COMMENTS = YES;
				CLANG_WARN_EMPTY_BODY = YES;
				CLANG_WARN_ENUM_CONVERSION = YES;
				CLANG_WARN_INFINITE_RECURSION = YES;
				CLANG_WARN_INT_CONVERSION = YES;
				CLANG_WARN_NON_LITERAL_NULL_CONVERSION = YES;
				CLANG_WARN_OBJC_IMPLICIT_RETAIN_SELF = YES;
				CLANG_WARN_OBJC_LITERAL_CONVERSION = YES;
				CLANG_WARN_OBJC_ROOT_CLASS = YES_ERROR;
				CLANG_WARN_QUOTED_INCLUDE_IN_FRAMEWORK_HEADER = YES;
				CLANG_WARN_RANGE_LOOP_ANALYSIS = YES;
				CLANG_WARN_STRICT_PROTOTYPES = YES;
				CLANG_WARN_SUSPICIOUS_MOVE = YES;
				CLANG_WARN_UNGUARDED_AVAILABILITY = YES_AGGRESSIVE;
				CLANG_WARN_UNREACHABLE_CODE = YES;
				CLANG_WARN__DUPLICATE_METHOD_MATCH = YES;
				COPY_PHASE_STRIP = NO;
				DEBUG_INFORMATION_FORMAT = "dwarf-with-dsym";
				ENABLE_NS_ASSERTIONS = NO;
				ENABLE_STRICT_OBJC_MSGSEND = YES;
				GCC_C_LANGUAGE_STANDARD = gnu11;
				GCC_NO_COMMON_BLOCKS = YES;
				GCC_WARN_64_TO_32_BIT_CONVERSION = YES;
				GCC_WARN_ABOUT_RETURN_TYPE = YES_ERROR;
				GCC_WARN_UNDECLARED_SELECTOR = YES;
				GCC_WARN_UNINITIALIZED_AUTOS = YES_AGGRESSIVE;
				GCC_WARN_UNUSED_FUNCTION = YES;
				GCC_WARN_UNUSED_VARIABLE = YES;
				IPHONEOS_DEPLOYMENT_TARGET = 15.5;
				MTL_ENABLE_DEBUG_INFO = NO;
				MTL_FAST_MATH = YES;
				SDKROOT = iphoneos;
				SWIFT_COMPILATION_MODE = wholemodule;
				SWIFT_OPTIMIZATION_LEVEL = "-O";
				VALIDATE_PRODUCT = YES;
			};
			name = Release;
		};
		8B0912892976A1AB0048F9DD /* Debug */ = {
			isa = XCBuildConfiguration;
			buildSettings = {
				ASSETCATALOG_COMPILER_APPICON_NAME = AppIcon;
				ASSETCATALOG_COMPILER_GLOBAL_ACCENT_COLOR_NAME = AccentColor;
				CODE_SIGN_ENTITLEMENTS = write4/write4.entitlements;
				CODE_SIGN_STYLE = Automatic;
				CURRENT_PROJECT_VERSION = 1;
				DEVELOPMENT_TEAM = 5NZKXSLJ4Q;
				GENERATE_INFOPLIST_FILE = YES;
				INFOPLIST_FILE = write4/Info.plist;
				INFOPLIST_KEY_UIApplicationSupportsIndirectInputEvents = YES;
				INFOPLIST_KEY_UILaunchStoryboardName = LaunchScreen;
				INFOPLIST_KEY_UIMainStoryboardFile = Main;
				INFOPLIST_KEY_UISupportedInterfaceOrientations_iPad = "UIInterfaceOrientationPortrait UIInterfaceOrientationPortraitUpsideDown UIInterfaceOrientationLandscapeLeft UIInterfaceOrientationLandscapeRight";
				INFOPLIST_KEY_UISupportedInterfaceOrientations_iPhone = "UIInterfaceOrientationPortrait UIInterfaceOrientationLandscapeLeft UIInterfaceOrientationLandscapeRight";
				LD_RUNPATH_SEARCH_PATHS = (
					"$(inherited)",
					"@executable_path/Frameworks",
				);
				MARKETING_VERSION = 1.0;
				PRODUCT_BUNDLE_IDENTIFIER = com.write4;
				PRODUCT_NAME = "$(TARGET_NAME)";
				SWIFT_EMIT_LOC_STRINGS = YES;
				SWIFT_VERSION = 5.0;
				TARGETED_DEVICE_FAMILY = "1,2";
			};
			name = Debug;
		};
		8B09128A2976A1AB0048F9DD /* Release */ = {
			isa = XCBuildConfiguration;
			buildSettings = {
				ASSETCATALOG_COMPILER_APPICON_NAME = AppIcon;
				ASSETCATALOG_COMPILER_GLOBAL_ACCENT_COLOR_NAME = AccentColor;
				CODE_SIGN_ENTITLEMENTS = write4/write4.entitlements;
				CODE_SIGN_STYLE = Automatic;
				CURRENT_PROJECT_VERSION = 1;
				DEVELOPMENT_TEAM = 5NZKXSLJ4Q;
				GENERATE_INFOPLIST_FILE = YES;
				INFOPLIST_FILE = write4/Info.plist;
				INFOPLIST_KEY_UIApplicationSupportsIndirectInputEvents = YES;
				INFOPLIST_KEY_UILaunchStoryboardName = LaunchScreen;
				INFOPLIST_KEY_UIMainStoryboardFile = Main;
				INFOPLIST_KEY_UISupportedInterfaceOrientations_iPad = "UIInterfaceOrientationPortrait UIInterfaceOrientationPortraitUpsideDown UIInterfaceOrientationLandscapeLeft UIInterfaceOrientationLandscapeRight";
				INFOPLIST_KEY_UISupportedInterfaceOrientations_iPhone = "UIInterfaceOrientationPortrait UIInterfaceOrientationLandscapeLeft UIInterfaceOrientationLandscapeRight";
				LD_RUNPATH_SEARCH_PATHS = (
					"$(inherited)",
					"@executable_path/Frameworks",
				);
				MARKETING_VERSION = 1.0;
				PRODUCT_BUNDLE_IDENTIFIER = com.write4;
				PRODUCT_NAME = "$(TARGET_NAME)";
				SWIFT_EMIT_LOC_STRINGS = YES;
				SWIFT_VERSION = 5.0;
				TARGETED_DEVICE_FAMILY = "1,2";
			};
			name = Release;
		};
/* End XCBuildConfiguration section */

/* Begin XCConfigurationList section */
		8B09126F2976A1A90048F9DD /* Build configuration list for PBXProject "write4" */ = {
			isa = XCConfigurationList;
			buildConfigurations = (
				8B0912862976A1AB0048F9DD /* Debug */,
				8B0912872976A1AB0048F9DD /* Release */,
			);
			defaultConfigurationIsVisible = 0;
			defaultConfigurationName = Release;
		};
		8B0912882976A1AB0048F9DD /* Build configuration list for PBXNativeTarget "write4" */ = {
			isa = XCConfigurationList;
			buildConfigurations = (
				8B0912892976A1AB0048F9DD /* Debug */,
				8B09128A2976A1AB0048F9DD /* Release */,
			);
			defaultConfigurationIsVisible = 0;
			defaultConfigurationName = Release;
		};
/* End XCConfigurationList section */
	};
	rootObject = 8B09126C2976A1A90048F9DD /* Project object */;
}
